
Microsoft Visual Studio Solution File, Format Version 12.00
# Visual Studio Version 16
VisualStudioVersion = 16.0.31911.196
MinimumVisualStudioVersion = 10.0.40219.1
Project("{FAE04EC0-301F-11D3-BF4B-00C04F79EFBC}") = "IlkUygulama", "IlkUygulama\IlkUygulama.csproj", "{455D81AB-DE3D-46C6-9C2E-47AD20DAFC97}"
EndProject
Global
	GlobalSection(SolutionConfigurationPlatforms) = preSolution
		Debug|Any CPU = Debug|Any CPU
		Release|Any CPU = Release|Any CPU
	EndGlobalSection
	GlobalSection(ProjectConfigurationPlatforms) = postSolution
		{455D81AB-DE3D-46C6-9C2E-47AD20DAFC97}.Debug|Any CPU.ActiveCfg = Debug|Any CPU
		{455D81AB-DE3D-46C6-9C2E-47AD20DAFC97}.Debug|Any CPU.Build.0 = Debug|Any CPU
		{455D81AB-DE3D-46C6-9C2E-47AD20DAFC97}.Release|Any CPU.ActiveCfg = Release|Any CPU
		{455D81AB-DE3D-46C6-9C2E-47AD20DAFC97}.Release|Any CPU.Build.0 = Release|Any CPU
	EndGlobalSection
	GlobalSection(SolutionProperties) = preSolution
		HideSolutionNode = FALSE
	EndGlobalSection
	GlobalSection(ExtensibilityGlobals) = postSolution
		SolutionGuid = {67D25C65-1E13-4409-8090-EF019EFBF65A}
	EndGlobalSection
EndGlobal
