
Microsoft Visual Studio Solution File, Format Version 12.00
# Visual Studio Version 16
VisualStudioVersion = 16.0.32002.261
MinimumVisualStudioVersion = 10.0.40219.1
Project("{FAE04EC0-301F-11D3-BF4B-00C04F79EFBC}") = "WFA_Metotlar", "WFA_Metotlar\WFA_Metotlar.csproj", "{14EB4EA1-D4F1-406E-A752-5052F67A2242}"
EndProject
Project("{FAE04EC0-301F-11D3-BF4B-00C04F79EFBC}") = "WFA_MetotOverloading", "WFA_MetotOverloading\WFA_MetotOverloading.csproj", "{D78E00E1-B1A6-45C7-85F8-1D60FA4B7F02}"
EndProject
Global
	GlobalSection(SolutionConfigurationPlatforms) = preSolution
		Debug|Any CPU = Debug|Any CPU
		Release|Any CPU = Release|Any CPU
	EndGlobalSection
	GlobalSection(ProjectConfigurationPlatforms) = postSolution
		{14EB4EA1-D4F1-406E-A752-5052F67A2242}.Debug|Any CPU.ActiveCfg = Debug|Any CPU
		{14EB4EA1-D4F1-406E-A752-5052F67A2242}.Debug|Any CPU.Build.0 = Debug|Any CPU
		{14EB4EA1-D4F1-406E-A752-5052F67A2242}.Release|Any CPU.ActiveCfg = Release|Any CPU
		{14EB4EA1-D4F1-406E-A752-5052F67A2242}.Release|Any CPU.Build.0 = Release|Any CPU
		{D78E00E1-B1A6-45C7-85F8-1D60FA4B7F02}.Debug|Any CPU.ActiveCfg = Debug|Any CPU
		{D78E00E1-B1A6-45C7-85F8-1D60FA4B7F02}.Debug|Any CPU.Build.0 = Debug|Any CPU
		{D78E00E1-B1A6-45C7-85F8-1D60FA4B7F02}.Release|Any CPU.ActiveCfg = Release|Any CPU
		{D78E00E1-B1A6-45C7-85F8-1D60FA4B7F02}.Release|Any CPU.Build.0 = Release|Any CPU
	EndGlobalSection
	GlobalSection(SolutionProperties) = preSolution
		HideSolutionNode = FALSE
	EndGlobalSection
	GlobalSection(ExtensibilityGlobals) = postSolution
		SolutionGuid = {5491A07A-D02B-4B0C-BE3E-8C689713FB15}
	EndGlobalSection
EndGlobal
