
Microsoft Visual Studio Solution File, Format Version 12.00
# Visual Studio Version 16
VisualStudioVersion = 16.0.31911.196
MinimumVisualStudioVersion = 10.0.40219.1
Project("{FAE04EC0-301F-11D3-BF4B-00C04F79EFBC}") = "WCA_IcIceDongu", "WCA_IcIceDongu\WCA_IcIceDongu.csproj", "{414161A1-94F4-40E4-A4F9-75D1C7DC616A}"
EndProject
Global
	GlobalSection(SolutionConfigurationPlatforms) = preSolution
		Debug|Any CPU = Debug|Any CPU
		Release|Any CPU = Release|Any CPU
	EndGlobalSection
	GlobalSection(ProjectConfigurationPlatforms) = postSolution
		{414161A1-94F4-40E4-A4F9-75D1C7DC616A}.Debug|Any CPU.ActiveCfg = Debug|Any CPU
		{414161A1-94F4-40E4-A4F9-75D1C7DC616A}.Debug|Any CPU.Build.0 = Debug|Any CPU
		{414161A1-94F4-40E4-A4F9-75D1C7DC616A}.Release|Any CPU.ActiveCfg = Release|Any CPU
		{414161A1-94F4-40E4-A4F9-75D1C7DC616A}.Release|Any CPU.Build.0 = Release|Any CPU
	EndGlobalSection
	GlobalSection(SolutionProperties) = preSolution
		HideSolutionNode = FALSE
	EndGlobalSection
	GlobalSection(ExtensibilityGlobals) = postSolution
		SolutionGuid = {130A4110-7E60-4EB3-94F7-CE692EF5804C}
	EndGlobalSection
EndGlobal
