
Microsoft Visual Studio Solution File, Format Version 12.00
# Visual Studio Version 16
VisualStudioVersion = 16.0.32002.261
MinimumVisualStudioVersion = 10.0.40219.1
Project("{FAE04EC0-301F-11D3-BF4B-00C04F79EFBC}") = "WFA_Parametre_Out_Ref_Params", "WFA_Parametre_Out_Ref_Params\WFA_Parametre_Out_Ref_Params.csproj", "{C54A855F-05CC-4C73-A91B-DA3EC315AB29}"
EndProject
Project("{FAE04EC0-301F-11D3-BF4B-00C04F79EFBC}") = "WFA_OutPameter", "WFA_OutPameter\WFA_OutPameter.csproj", "{BFFDD9F7-76FD-4546-AD2D-74A768E7A7DF}"
EndProject
Project("{FAE04EC0-301F-11D3-BF4B-00C04F79EFBC}") = "WFA_Ref", "WFA_Ref\WFA_Ref.csproj", "{23FF6843-58AD-42EC-86E2-6E287A2F7E8F}"
EndProject
Project("{FAE04EC0-301F-11D3-BF4B-00C04F79EFBC}") = "WFA_Params", "WFA_Params\WFA_Params.csproj", "{50924EF7-0EDF-476D-A063-65F5BBD38827}"
EndProject
Global
	GlobalSection(SolutionConfigurationPlatforms) = preSolution
		Debug|Any CPU = Debug|Any CPU
		Release|Any CPU = Release|Any CPU
	EndGlobalSection
	GlobalSection(ProjectConfigurationPlatforms) = postSolution
		{C54A855F-05CC-4C73-A91B-DA3EC315AB29}.Debug|Any CPU.ActiveCfg = Debug|Any CPU
		{C54A855F-05CC-4C73-A91B-DA3EC315AB29}.Debug|Any CPU.Build.0 = Debug|Any CPU
		{C54A855F-05CC-4C73-A91B-DA3EC315AB29}.Release|Any CPU.ActiveCfg = Release|Any CPU
		{C54A855F-05CC-4C73-A91B-DA3EC315AB29}.Release|Any CPU.Build.0 = Release|Any CPU
		{BFFDD9F7-76FD-4546-AD2D-74A768E7A7DF}.Debug|Any CPU.ActiveCfg = Debug|Any CPU
		{BFFDD9F7-76FD-4546-AD2D-74A768E7A7DF}.Debug|Any CPU.Build.0 = Debug|Any CPU
		{BFFDD9F7-76FD-4546-AD2D-74A768E7A7DF}.Release|Any CPU.ActiveCfg = Release|Any CPU
		{BFFDD9F7-76FD-4546-AD2D-74A768E7A7DF}.Release|Any CPU.Build.0 = Release|Any CPU
		{23FF6843-58AD-42EC-86E2-6E287A2F7E8F}.Debug|Any CPU.ActiveCfg = Debug|Any CPU
		{23FF6843-58AD-42EC-86E2-6E287A2F7E8F}.Debug|Any CPU.Build.0 = Debug|Any CPU
		{23FF6843-58AD-42EC-86E2-6E287A2F7E8F}.Release|Any CPU.ActiveCfg = Release|Any CPU
		{23FF6843-58AD-42EC-86E2-6E287A2F7E8F}.Release|Any CPU.Build.0 = Release|Any CPU
		{50924EF7-0EDF-476D-A063-65F5BBD38827}.Debug|Any CPU.ActiveCfg = Debug|Any CPU
		{50924EF7-0EDF-476D-A063-65F5BBD38827}.Debug|Any CPU.Build.0 = Debug|Any CPU
		{50924EF7-0EDF-476D-A063-65F5BBD38827}.Release|Any CPU.ActiveCfg = Release|Any CPU
		{50924EF7-0EDF-476D-A063-65F5BBD38827}.Release|Any CPU.Build.0 = Release|Any CPU
	EndGlobalSection
	GlobalSection(SolutionProperties) = preSolution
		HideSolutionNode = FALSE
	EndGlobalSection
	GlobalSection(ExtensibilityGlobals) = postSolution
		SolutionGuid = {1772BFA2-8777-4CF5-A9FE-B17DF34974B8}
	EndGlobalSection
EndGlobal
