
Microsoft Visual Studio Solution File, Format Version 12.00
# Visual Studio Version 16
VisualStudioVersion = 16.0.32228.343
MinimumVisualStudioVersion = 10.0.40219.1
Project("{FAE04EC0-301F-11D3-BF4B-00C04F79EFBC}") = "NtierApp_Repository.BLL", "NtierApp_Repository.BLL\NtierApp_Repository.BLL.csproj", "{3C01A636-5A29-4FD0-BF66-AB2FD5FFAF60}"
EndProject
Project("{FAE04EC0-301F-11D3-BF4B-00C04F79EFBC}") = "NtierApp_Repository.Entity", "NtierApp_Repository.Entity\NtierApp_Repository.Entity.csproj", "{DDC08157-82CC-4206-BA43-2386719A2636}"
EndProject
Project("{FAE04EC0-301F-11D3-BF4B-00C04F79EFBC}") = "NtierApp_Repository.DataContext", "NtierApp_Repository.DataContext\NtierApp_Repository.DataContext.csproj", "{3BDB5E7D-69B9-461B-80FC-4A6BBA5BAE2F}"
EndProject
Global
	GlobalSection(SolutionConfigurationPlatforms) = preSolution
		Debug|Any CPU = Debug|Any CPU
		Release|Any CPU = Release|Any CPU
	EndGlobalSection
	GlobalSection(ProjectConfigurationPlatforms) = postSolution
		{3C01A636-5A29-4FD0-BF66-AB2FD5FFAF60}.Debug|Any CPU.ActiveCfg = Debug|Any CPU
		{3C01A636-5A29-4FD0-BF66-AB2FD5FFAF60}.Debug|Any CPU.Build.0 = Debug|Any CPU
		{3C01A636-5A29-4FD0-BF66-AB2FD5FFAF60}.Release|Any CPU.ActiveCfg = Release|Any CPU
		{3C01A636-5A29-4FD0-BF66-AB2FD5FFAF60}.Release|Any CPU.Build.0 = Release|Any CPU
		{DDC08157-82CC-4206-BA43-2386719A2636}.Debug|Any CPU.ActiveCfg = Debug|Any CPU
		{DDC08157-82CC-4206-BA43-2386719A2636}.Debug|Any CPU.Build.0 = Debug|Any CPU
		{DDC08157-82CC-4206-BA43-2386719A2636}.Release|Any CPU.ActiveCfg = Release|Any CPU
		{DDC08157-82CC-4206-BA43-2386719A2636}.Release|Any CPU.Build.0 = Release|Any CPU
		{3BDB5E7D-69B9-461B-80FC-4A6BBA5BAE2F}.Debug|Any CPU.ActiveCfg = Debug|Any CPU
		{3BDB5E7D-69B9-461B-80FC-4A6BBA5BAE2F}.Debug|Any CPU.Build.0 = Debug|Any CPU
		{3BDB5E7D-69B9-461B-80FC-4A6BBA5BAE2F}.Release|Any CPU.ActiveCfg = Release|Any CPU
		{3BDB5E7D-69B9-461B-80FC-4A6BBA5BAE2F}.Release|Any CPU.Build.0 = Release|Any CPU
	EndGlobalSection
	GlobalSection(SolutionProperties) = preSolution
		HideSolutionNode = FALSE
	EndGlobalSection
	GlobalSection(ExtensibilityGlobals) = postSolution
		SolutionGuid = {10C2D103-995D-48E4-AFC6-F6A81704D315}
	EndGlobalSection
EndGlobal
