
Microsoft Visual Studio Solution File, Format Version 12.00
# Visual Studio Version 16
VisualStudioVersion = 16.0.32002.261
MinimumVisualStudioVersion = 10.0.40219.1
Project("{FAE04EC0-301F-11D3-BF4B-00C04F79EFBC}") = "NTierApp.DAL", "NTierApp.DAL\NTierApp.DAL.csproj", "{B8B6A4C8-2DAB-4A40-8BCD-CA60598FCECF}"
EndProject
Project("{FAE04EC0-301F-11D3-BF4B-00C04F79EFBC}") = "NTierApp.BLL", "NTierApp.BLL\NTierApp.BLL.csproj", "{50916B98-A835-46CE-AACE-26D914302322}"
EndProject
Project("{FAE04EC0-301F-11D3-BF4B-00C04F79EFBC}") = "NTierApp.WFAUI", "NTierApp.WFAUI\NTierApp.WFAUI.csproj", "{0838A1C8-1515-443A-B3A3-EC7B55511032}"
EndProject
Project("{FAE04EC0-301F-11D3-BF4B-00C04F79EFBC}") = "NTierApp.WebUI", "NTierApp.WebUI\NTierApp.WebUI.csproj", "{B8F8851A-FDBD-4333-82C4-88FCA431CD24}"
EndProject
Project("{2150E333-8FDC-42A3-9474-1A3956D46DE8}") = "Kullanıcı Katmanı", "Kullanıcı Katmanı", "{C847AC87-2191-49B2-8986-59B4AE973B56}"
EndProject
Project("{2150E333-8FDC-42A3-9474-1A3956D46DE8}") = "İş Katmanı", "İş Katmanı", "{EB79C7AD-D44A-4F99-B3B3-B712238A7E3F}"
EndProject
Project("{2150E333-8FDC-42A3-9474-1A3956D46DE8}") = "Veri Katmanı", "Veri Katmanı", "{0F6B6F06-83C2-4905-822E-070AC8EF752F}"
EndProject
Project("{FAE04EC0-301F-11D3-BF4B-00C04F79EFBC}") = "NTierApp.Map", "NTierApp.Map\NTierApp.Map.csproj", "{2577EBAC-A4F1-4528-9F16-594D0E24532D}"
EndProject
Project("{FAE04EC0-301F-11D3-BF4B-00C04F79EFBC}") = "NTierApp.DAL.Context", "NTierApp.DAL.Context\NTierApp.DAL.Context.csproj", "{108B7FCD-EA07-4999-910B-F3110D682DF4}"
EndProject
Global
	GlobalSection(SolutionConfigurationPlatforms) = preSolution
		Debug|Any CPU = Debug|Any CPU
		Release|Any CPU = Release|Any CPU
	EndGlobalSection
	GlobalSection(ProjectConfigurationPlatforms) = postSolution
		{B8B6A4C8-2DAB-4A40-8BCD-CA60598FCECF}.Debug|Any CPU.ActiveCfg = Debug|Any CPU
		{B8B6A4C8-2DAB-4A40-8BCD-CA60598FCECF}.Debug|Any CPU.Build.0 = Debug|Any CPU
		{B8B6A4C8-2DAB-4A40-8BCD-CA60598FCECF}.Release|Any CPU.ActiveCfg = Release|Any CPU
		{B8B6A4C8-2DAB-4A40-8BCD-CA60598FCECF}.Release|Any CPU.Build.0 = Release|Any CPU
		{50916B98-A835-46CE-AACE-26D914302322}.Debug|Any CPU.ActiveCfg = Debug|Any CPU
		{50916B98-A835-46CE-AACE-26D914302322}.Debug|Any CPU.Build.0 = Debug|Any CPU
		{50916B98-A835-46CE-AACE-26D914302322}.Release|Any CPU.ActiveCfg = Release|Any CPU
		{50916B98-A835-46CE-AACE-26D914302322}.Release|Any CPU.Build.0 = Release|Any CPU
		{0838A1C8-1515-443A-B3A3-EC7B55511032}.Debug|Any CPU.ActiveCfg = Debug|Any CPU
		{0838A1C8-1515-443A-B3A3-EC7B55511032}.Debug|Any CPU.Build.0 = Debug|Any CPU
		{0838A1C8-1515-443A-B3A3-EC7B55511032}.Release|Any CPU.ActiveCfg = Release|Any CPU
		{0838A1C8-1515-443A-B3A3-EC7B55511032}.Release|Any CPU.Build.0 = Release|Any CPU
		{B8F8851A-FDBD-4333-82C4-88FCA431CD24}.Debug|Any CPU.ActiveCfg = Debug|Any CPU
		{B8F8851A-FDBD-4333-82C4-88FCA431CD24}.Debug|Any CPU.Build.0 = Debug|Any CPU
		{B8F8851A-FDBD-4333-82C4-88FCA431CD24}.Release|Any CPU.ActiveCfg = Release|Any CPU
		{B8F8851A-FDBD-4333-82C4-88FCA431CD24}.Release|Any CPU.Build.0 = Release|Any CPU
		{2577EBAC-A4F1-4528-9F16-594D0E24532D}.Debug|Any CPU.ActiveCfg = Debug|Any CPU
		{2577EBAC-A4F1-4528-9F16-594D0E24532D}.Debug|Any CPU.Build.0 = Debug|Any CPU
		{2577EBAC-A4F1-4528-9F16-594D0E24532D}.Release|Any CPU.ActiveCfg = Release|Any CPU
		{2577EBAC-A4F1-4528-9F16-594D0E24532D}.Release|Any CPU.Build.0 = Release|Any CPU
		{108B7FCD-EA07-4999-910B-F3110D682DF4}.Debug|Any CPU.ActiveCfg = Debug|Any CPU
		{108B7FCD-EA07-4999-910B-F3110D682DF4}.Debug|Any CPU.Build.0 = Debug|Any CPU
		{108B7FCD-EA07-4999-910B-F3110D682DF4}.Release|Any CPU.ActiveCfg = Release|Any CPU
		{108B7FCD-EA07-4999-910B-F3110D682DF4}.Release|Any CPU.Build.0 = Release|Any CPU
	EndGlobalSection
	GlobalSection(SolutionProperties) = preSolution
		HideSolutionNode = FALSE
	EndGlobalSection
	GlobalSection(NestedProjects) = preSolution
		{B8B6A4C8-2DAB-4A40-8BCD-CA60598FCECF} = {0F6B6F06-83C2-4905-822E-070AC8EF752F}
		{50916B98-A835-46CE-AACE-26D914302322} = {EB79C7AD-D44A-4F99-B3B3-B712238A7E3F}
		{0838A1C8-1515-443A-B3A3-EC7B55511032} = {C847AC87-2191-49B2-8986-59B4AE973B56}
		{B8F8851A-FDBD-4333-82C4-88FCA431CD24} = {C847AC87-2191-49B2-8986-59B4AE973B56}
		{2577EBAC-A4F1-4528-9F16-594D0E24532D} = {0F6B6F06-83C2-4905-822E-070AC8EF752F}
		{108B7FCD-EA07-4999-910B-F3110D682DF4} = {0F6B6F06-83C2-4905-822E-070AC8EF752F}
	EndGlobalSection
	GlobalSection(ExtensibilityGlobals) = postSolution
		SolutionGuid = {BE9784DA-7903-45F8-AD9E-232A550A4995}
	EndGlobalSection
EndGlobal
