
Microsoft Visual Studio Solution File, Format Version 12.00
# Visual Studio Version 16
VisualStudioVersion = 16.0.31911.196
MinimumVisualStudioVersion = 10.0.40219.1
Project("{FAE04EC0-301F-11D3-BF4B-00C04F79EFBC}") = "WFA_Diziler_Arrays", "WFA_Diziler_Arrays\WFA_Diziler_Arrays.csproj", "{D75CB315-4C7E-4620-9E43-6ED58AA5625C}"
EndProject
Global
	GlobalSection(SolutionConfigurationPlatforms) = preSolution
		Debug|Any CPU = Debug|Any CPU
		Release|Any CPU = Release|Any CPU
	EndGlobalSection
	GlobalSection(ProjectConfigurationPlatforms) = postSolution
		{D75CB315-4C7E-4620-9E43-6ED58AA5625C}.Debug|Any CPU.ActiveCfg = Debug|Any CPU
		{D75CB315-4C7E-4620-9E43-6ED58AA5625C}.Debug|Any CPU.Build.0 = Debug|Any CPU
		{D75CB315-4C7E-4620-9E43-6ED58AA5625C}.Release|Any CPU.ActiveCfg = Release|Any CPU
		{D75CB315-4C7E-4620-9E43-6ED58AA5625C}.Release|Any CPU.Build.0 = Release|Any CPU
	EndGlobalSection
	GlobalSection(SolutionProperties) = preSolution
		HideSolutionNode = FALSE
	EndGlobalSection
	GlobalSection(ExtensibilityGlobals) = postSolution
		SolutionGuid = {72D38BC7-1301-4A2F-8C6A-19E541B6F96E}
	EndGlobalSection
EndGlobal
