
Microsoft Visual Studio Solution File, Format Version 12.00
# Visual Studio Version 16
VisualStudioVersion = 16.0.32002.261
MinimumVisualStudioVersion = 10.0.40219.1
Project("{FAE04EC0-301F-11D3-BF4B-00C04F79EFBC}") = "WFA_Sender_Tag", "WFA_Sender_Tag\WFA_Sender_Tag.csproj", "{C887D2DF-3754-4EFF-B82D-80486BC05241}"
EndProject
Global
	GlobalSection(SolutionConfigurationPlatforms) = preSolution
		Debug|Any CPU = Debug|Any CPU
		Release|Any CPU = Release|Any CPU
	EndGlobalSection
	GlobalSection(ProjectConfigurationPlatforms) = postSolution
		{C887D2DF-3754-4EFF-B82D-80486BC05241}.Debug|Any CPU.ActiveCfg = Debug|Any CPU
		{C887D2DF-3754-4EFF-B82D-80486BC05241}.Debug|Any CPU.Build.0 = Debug|Any CPU
		{C887D2DF-3754-4EFF-B82D-80486BC05241}.Release|Any CPU.ActiveCfg = Release|Any CPU
		{C887D2DF-3754-4EFF-B82D-80486BC05241}.Release|Any CPU.Build.0 = Release|Any CPU
	EndGlobalSection
	GlobalSection(SolutionProperties) = preSolution
		HideSolutionNode = FALSE
	EndGlobalSection
	GlobalSection(ExtensibilityGlobals) = postSolution
		SolutionGuid = {ECAC9955-C78F-44D1-910B-27B507B93DBA}
	EndGlobalSection
EndGlobal
