
Microsoft Visual Studio Solution File, Format Version 12.00
# Visual Studio Version 16
VisualStudioVersion = 16.0.32002.261
MinimumVisualStudioVersion = 10.0.40219.1
Project("{FAE04EC0-301F-11D3-BF4B-00C04F79EFBC}") = "WFA_BilgiFormu", "WFA_BilgiFormu\WFA_BilgiFormu.csproj", "{79F1E7CF-FEBB-42C8-BCD8-082FBEE48899}"
EndProject
Global
	GlobalSection(SolutionConfigurationPlatforms) = preSolution
		Debug|Any CPU = Debug|Any CPU
		Release|Any CPU = Release|Any CPU
	EndGlobalSection
	GlobalSection(ProjectConfigurationPlatforms) = postSolution
		{79F1E7CF-FEBB-42C8-BCD8-082FBEE48899}.Debug|Any CPU.ActiveCfg = Debug|Any CPU
		{79F1E7CF-FEBB-42C8-BCD8-082FBEE48899}.Debug|Any CPU.Build.0 = Debug|Any CPU
		{79F1E7CF-FEBB-42C8-BCD8-082FBEE48899}.Release|Any CPU.ActiveCfg = Release|Any CPU
		{79F1E7CF-FEBB-42C8-BCD8-082FBEE48899}.Release|Any CPU.Build.0 = Release|Any CPU
	EndGlobalSection
	GlobalSection(SolutionProperties) = preSolution
		HideSolutionNode = FALSE
	EndGlobalSection
	GlobalSection(ExtensibilityGlobals) = postSolution
		SolutionGuid = {7655AF51-02C7-40E0-B00D-FD158FA4632A}
	EndGlobalSection
EndGlobal
