
Microsoft Visual Studio Solution File, Format Version 12.00
# Visual Studio Version 16
VisualStudioVersion = 16.0.32002.261
MinimumVisualStudioVersion = 10.0.40219.1
Project("{FAE04EC0-301F-11D3-BF4B-00C04F79EFBC}") = "WFA_Control_Collection", "WFA_Control_Collection\WFA_Control_Collection.csproj", "{B5DB08AE-4B12-403C-B549-55568B9AC606}"
EndProject
Global
	GlobalSection(SolutionConfigurationPlatforms) = preSolution
		Debug|Any CPU = Debug|Any CPU
		Release|Any CPU = Release|Any CPU
	EndGlobalSection
	GlobalSection(ProjectConfigurationPlatforms) = postSolution
		{B5DB08AE-4B12-403C-B549-55568B9AC606}.Debug|Any CPU.ActiveCfg = Debug|Any CPU
		{B5DB08AE-4B12-403C-B549-55568B9AC606}.Debug|Any CPU.Build.0 = Debug|Any CPU
		{B5DB08AE-4B12-403C-B549-55568B9AC606}.Release|Any CPU.ActiveCfg = Release|Any CPU
		{B5DB08AE-4B12-403C-B549-55568B9AC606}.Release|Any CPU.Build.0 = Release|Any CPU
	EndGlobalSection
	GlobalSection(SolutionProperties) = preSolution
		HideSolutionNode = FALSE
	EndGlobalSection
	GlobalSection(ExtensibilityGlobals) = postSolution
		SolutionGuid = {BBFCB532-17B7-44E6-886A-B55CB526E911}
	EndGlobalSection
EndGlobal
