
Microsoft Visual Studio Solution File, Format Version 12.00
# Visual Studio Version 16
VisualStudioVersion = 16.0.31911.196
MinimumVisualStudioVersion = 10.0.40219.1
Project("{FAE04EC0-301F-11D3-BF4B-00C04F79EFBC}") = "WFA_ZarAtmaOyunu", "WFA_ZarAtmaOyunu\WFA_ZarAtmaOyunu.csproj", "{784447FD-C1EF-480F-B3E7-3AD96CB0F2C2}"
EndProject
Global
	GlobalSection(SolutionConfigurationPlatforms) = preSolution
		Debug|Any CPU = Debug|Any CPU
		Release|Any CPU = Release|Any CPU
	EndGlobalSection
	GlobalSection(ProjectConfigurationPlatforms) = postSolution
		{784447FD-C1EF-480F-B3E7-3AD96CB0F2C2}.Debug|Any CPU.ActiveCfg = Debug|Any CPU
		{784447FD-C1EF-480F-B3E7-3AD96CB0F2C2}.Debug|Any CPU.Build.0 = Debug|Any CPU
		{784447FD-C1EF-480F-B3E7-3AD96CB0F2C2}.Release|Any CPU.ActiveCfg = Release|Any CPU
		{784447FD-C1EF-480F-B3E7-3AD96CB0F2C2}.Release|Any CPU.Build.0 = Release|Any CPU
	EndGlobalSection
	GlobalSection(SolutionProperties) = preSolution
		HideSolutionNode = FALSE
	EndGlobalSection
	GlobalSection(ExtensibilityGlobals) = postSolution
		SolutionGuid = {EBC2D40B-B5AA-45F3-87E3-E570E97E0F49}
	EndGlobalSection
EndGlobal
